
Microsoft Visual Studio Solution File, Format Version 12.00
# Visual Studio Version 16
VisualStudioVersion = 16.0.31205.134
MinimumVisualStudioVersion = 10.0.40219.1
Project("{9A19103F-16F7-4668-BE54-9A1E7A4F7556}") = "Gestione.Core", "Gestione.Core\Gestione.Core.csproj", "{3387231C-2AE6-4C9B-89BD-603624965319}"
EndProject
Project("{FAE04EC0-301F-11D3-BF4B-00C04F79EFBC}") = "Gestione.Wcf", "Gestione.Wcf\Gestione.Wcf.csproj", "{FA07AACF-37C4-4BB0-835D-A3208E14CA1C}"
EndProject
Project("{9A19103F-16F7-4668-BE54-9A1E7A4F7556}") = "Gestione.EF", "Gestione.EF\Gestione.EF.csproj", "{9436B6AF-D48A-43C2-9D81-FACECEBE21F8}"
EndProject
Project("{9A19103F-16F7-4668-BE54-9A1E7A4F7556}") = "Gestione.API", "Gestione.API\Gestione.API.csproj", "{02F0CE45-16CB-4B67-9CAD-A3AB6937BE0E}"
EndProject
Project("{FAE04EC0-301F-11D3-BF4B-00C04F79EFBC}") = "Gestione.EF.Client", "Gestione.EF.Client\Gestione.EF.Client.csproj", "{CB8C80BE-F151-4E75-AF40-45256001D9B1}"
EndProject
Project("{FAE04EC0-301F-11D3-BF4B-00C04F79EFBC}") = "Gestione.Mvc", "Gestione.Mvc\Gestione.Mvc.csproj", "{E0F4F84A-E9AB-461B-B47C-20D02C5F128C}"
EndProject
Global
	GlobalSection(SolutionConfigurationPlatforms) = preSolution
		Debug|Any CPU = Debug|Any CPU
		Release|Any CPU = Release|Any CPU
	EndGlobalSection
	GlobalSection(ProjectConfigurationPlatforms) = postSolution
		{3387231C-2AE6-4C9B-89BD-603624965319}.Debug|Any CPU.ActiveCfg = Debug|Any CPU
		{3387231C-2AE6-4C9B-89BD-603624965319}.Debug|Any CPU.Build.0 = Debug|Any CPU
		{3387231C-2AE6-4C9B-89BD-603624965319}.Release|Any CPU.ActiveCfg = Release|Any CPU
		{3387231C-2AE6-4C9B-89BD-603624965319}.Release|Any CPU.Build.0 = Release|Any CPU
		{FA07AACF-37C4-4BB0-835D-A3208E14CA1C}.Debug|Any CPU.ActiveCfg = Debug|Any CPU
		{FA07AACF-37C4-4BB0-835D-A3208E14CA1C}.Debug|Any CPU.Build.0 = Debug|Any CPU
		{FA07AACF-37C4-4BB0-835D-A3208E14CA1C}.Release|Any CPU.ActiveCfg = Release|Any CPU
		{FA07AACF-37C4-4BB0-835D-A3208E14CA1C}.Release|Any CPU.Build.0 = Release|Any CPU
		{9436B6AF-D48A-43C2-9D81-FACECEBE21F8}.Debug|Any CPU.ActiveCfg = Debug|Any CPU
		{9436B6AF-D48A-43C2-9D81-FACECEBE21F8}.Debug|Any CPU.Build.0 = Debug|Any CPU
		{9436B6AF-D48A-43C2-9D81-FACECEBE21F8}.Release|Any CPU.ActiveCfg = Release|Any CPU
		{9436B6AF-D48A-43C2-9D81-FACECEBE21F8}.Release|Any CPU.Build.0 = Release|Any CPU
		{02F0CE45-16CB-4B67-9CAD-A3AB6937BE0E}.Debug|Any CPU.ActiveCfg = Debug|Any CPU
		{02F0CE45-16CB-4B67-9CAD-A3AB6937BE0E}.Debug|Any CPU.Build.0 = Debug|Any CPU
		{02F0CE45-16CB-4B67-9CAD-A3AB6937BE0E}.Release|Any CPU.ActiveCfg = Release|Any CPU
		{02F0CE45-16CB-4B67-9CAD-A3AB6937BE0E}.Release|Any CPU.Build.0 = Release|Any CPU
		{CB8C80BE-F151-4E75-AF40-45256001D9B1}.Debug|Any CPU.ActiveCfg = Debug|Any CPU
		{CB8C80BE-F151-4E75-AF40-45256001D9B1}.Debug|Any CPU.Build.0 = Debug|Any CPU
		{CB8C80BE-F151-4E75-AF40-45256001D9B1}.Release|Any CPU.ActiveCfg = Release|Any CPU
		{CB8C80BE-F151-4E75-AF40-45256001D9B1}.Release|Any CPU.Build.0 = Release|Any CPU
		{E0F4F84A-E9AB-461B-B47C-20D02C5F128C}.Debug|Any CPU.ActiveCfg = Debug|Any CPU
		{E0F4F84A-E9AB-461B-B47C-20D02C5F128C}.Debug|Any CPU.Build.0 = Debug|Any CPU
		{E0F4F84A-E9AB-461B-B47C-20D02C5F128C}.Release|Any CPU.ActiveCfg = Release|Any CPU
		{E0F4F84A-E9AB-461B-B47C-20D02C5F128C}.Release|Any CPU.Build.0 = Release|Any CPU
	EndGlobalSection
	GlobalSection(SolutionProperties) = preSolution
		HideSolutionNode = FALSE
	EndGlobalSection
	GlobalSection(ExtensibilityGlobals) = postSolution
		SolutionGuid = {6569F69F-F467-459F-89B2-1A027B8670E8}
	EndGlobalSection
EndGlobal
